
Microsoft Visual Studio Solution File, Format Version 12.00
# Visual Studio Version 17
VisualStudioVersion = 17.1.32210.238
MinimumVisualStudioVersion = 10.0.40219.1
Project("{2150E333-8FDC-42A3-9474-1A3956D46DE8}") = "src", "src", "{B3688877-29A3-4A6B-BFF5-E9A5764FBF68}"
EndProject
Project("{2150E333-8FDC-42A3-9474-1A3956D46DE8}") = "Core", "Core", "{8F71439D-280F-4958-AB6F-8D0369890C79}"
EndProject
Project("{9A19103F-16F7-4668-BE54-9A1E7A4F7556}") = "CleanArchitecture.Domain", "src\Core\CleanArchitecture.Domain\CleanArchitecture.Domain.csproj", "{39943D7A-FA9C-4620-B1A2-BA9918FF711D}"
EndProject
Project("{FAE04EC0-301F-11D3-BF4B-00C04F79EFBC}") = "CleanArchitecture.Application", "src\Core\CleanArchitecture.Application\CleanArchitecture.Application.csproj", "{5C6CFC4C-7D77-48B3-AB49-202467E3D94C}"
EndProject
Project("{2150E333-8FDC-42A3-9474-1A3956D46DE8}") = "Infrastructure", "Infrastructure", "{C67A625A-04B2-4935-8DB5-D66AA290B61F}"
EndProject
Project("{FAE04EC0-301F-11D3-BF4B-00C04F79EFBC}") = "CleanArchitecture.Persistence", "src\Infrastructure\CleanArchitecture.Persistence\CleanArchitecture.Persistence.csproj", "{7DBDE87B-AE00-4C89-915F-09D7CD44D63B}"
EndProject
Project("{2150E333-8FDC-42A3-9474-1A3956D46DE8}") = "Presentation", "Presentation", "{0BCC9E43-7139-4A29-B978-E51FC371456F}"
EndProject
Project("{FAE04EC0-301F-11D3-BF4B-00C04F79EFBC}") = "CleanArchitecture.Api", "src\Presentation\CleanArchitecture.Api\CleanArchitecture.Api.csproj", "{8B6653DE-C186-4ABB-B92A-1B70F14952C4}"
EndProject
Global
	GlobalSection(SolutionConfigurationPlatforms) = preSolution
		Debug|Any CPU = Debug|Any CPU
		Release|Any CPU = Release|Any CPU
	EndGlobalSection
	GlobalSection(ProjectConfigurationPlatforms) = postSolution
		{39943D7A-FA9C-4620-B1A2-BA9918FF711D}.Debug|Any CPU.ActiveCfg = Debug|Any CPU
		{39943D7A-FA9C-4620-B1A2-BA9918FF711D}.Debug|Any CPU.Build.0 = Debug|Any CPU
		{39943D7A-FA9C-4620-B1A2-BA9918FF711D}.Release|Any CPU.ActiveCfg = Release|Any CPU
		{39943D7A-FA9C-4620-B1A2-BA9918FF711D}.Release|Any CPU.Build.0 = Release|Any CPU
		{5C6CFC4C-7D77-48B3-AB49-202467E3D94C}.Debug|Any CPU.ActiveCfg = Debug|Any CPU
		{5C6CFC4C-7D77-48B3-AB49-202467E3D94C}.Debug|Any CPU.Build.0 = Debug|Any CPU
		{5C6CFC4C-7D77-48B3-AB49-202467E3D94C}.Release|Any CPU.ActiveCfg = Release|Any CPU
		{5C6CFC4C-7D77-48B3-AB49-202467E3D94C}.Release|Any CPU.Build.0 = Release|Any CPU
		{7DBDE87B-AE00-4C89-915F-09D7CD44D63B}.Debug|Any CPU.ActiveCfg = Debug|Any CPU
		{7DBDE87B-AE00-4C89-915F-09D7CD44D63B}.Debug|Any CPU.Build.0 = Debug|Any CPU
		{7DBDE87B-AE00-4C89-915F-09D7CD44D63B}.Release|Any CPU.ActiveCfg = Release|Any CPU
		{7DBDE87B-AE00-4C89-915F-09D7CD44D63B}.Release|Any CPU.Build.0 = Release|Any CPU
		{8B6653DE-C186-4ABB-B92A-1B70F14952C4}.Debug|Any CPU.ActiveCfg = Debug|Any CPU
		{8B6653DE-C186-4ABB-B92A-1B70F14952C4}.Debug|Any CPU.Build.0 = Debug|Any CPU
		{8B6653DE-C186-4ABB-B92A-1B70F14952C4}.Release|Any CPU.ActiveCfg = Release|Any CPU
		{8B6653DE-C186-4ABB-B92A-1B70F14952C4}.Release|Any CPU.Build.0 = Release|Any CPU
	EndGlobalSection
	GlobalSection(SolutionProperties) = preSolution
		HideSolutionNode = FALSE
	EndGlobalSection
	GlobalSection(NestedProjects) = preSolution
		{8F71439D-280F-4958-AB6F-8D0369890C79} = {B3688877-29A3-4A6B-BFF5-E9A5764FBF68}
		{39943D7A-FA9C-4620-B1A2-BA9918FF711D} = {8F71439D-280F-4958-AB6F-8D0369890C79}
		{5C6CFC4C-7D77-48B3-AB49-202467E3D94C} = {8F71439D-280F-4958-AB6F-8D0369890C79}
		{C67A625A-04B2-4935-8DB5-D66AA290B61F} = {B3688877-29A3-4A6B-BFF5-E9A5764FBF68}
		{7DBDE87B-AE00-4C89-915F-09D7CD44D63B} = {C67A625A-04B2-4935-8DB5-D66AA290B61F}
		{0BCC9E43-7139-4A29-B978-E51FC371456F} = {B3688877-29A3-4A6B-BFF5-E9A5764FBF68}
		{8B6653DE-C186-4ABB-B92A-1B70F14952C4} = {0BCC9E43-7139-4A29-B978-E51FC371456F}
	EndGlobalSection
	GlobalSection(ExtensibilityGlobals) = postSolution
		SolutionGuid = {EF0D2203-E238-4DA0-A532-DABB59E83C3E}
	EndGlobalSection
EndGlobal
